{
  "version": "3",
  "packages": {
    "specifiers": {
      "npm:node-retrieve-globals": "npm:node-retrieve-globals@6.0.0"
    },
    "npm": {
      "acorn-walk@8.3.3": {
        "integrity": "sha512-MxXdReSRhGO7VlFe1bRG/oI7/mdLV9B9JJT0N8vZOhF7gFRR5l3M8W9G8JxmKV+JC5mGqJ0QvqfSOLsCPa4nUw==",
        "dependencies": {
          "acorn": "acorn@8.12.1"
        }
      },
      "acorn@8.12.1": {
        "integrity": "sha512-tcpGyI9zbizT9JbV6oYE477V6mTlXvvi0T0G3SNIYE2apm/G5huBa1+K89VGeovbg+jycCrfhl3ADxErOuO6Jg==",
        "dependencies": {}
      },
      "esm-import-transformer@3.0.2": {
        "integrity": "sha512-PgvO0wro44lTDM9pYeeOIfpS0lGF80jA+rjT7sBd3b07rxv1AxeNMEI5kSCqRKke2W6SPEz17W3kHOLjaiD7Cw==",
        "dependencies": {
          "acorn": "acorn@8.12.1"
        }
      },
      "node-retrieve-globals@6.0.0": {
        "integrity": "sha512-VoEp6WMN/JcbBrJr6LnFE11kdzpKiBKNPFrHCEK2GgFWtiYpeL85WgcZpZFFnWxAU0O65+b+ipQAy4Oxy/+Pdg==",
        "dependencies": {
          "acorn": "acorn@8.12.1",
          "acorn-walk": "acorn-walk@8.3.3",
          "esm-import-transformer": "esm-import-transformer@3.0.2"
        }
      }
    }
  },
  "remote": {},
  "workspace": {
    "dependencies": [
      "jsr:@std/assert@1"
    ]
  }
}
